
Microsoft Visual Studio Solution File, Format Version 12.00
# Visual Studio Version 17
VisualStudioVersion = 17.5.002.0
MinimumVisualStudioVersion = 10.0.40219.1
Project("{9A19103F-16F7-4668-BE54-9A1E7A4F7556}") = "returnDemo", "returnDemo.csproj", "{C8554335-7B6B-4015-A695-7F62A3A7C357}"
EndProject
Global
	GlobalSection(SolutionConfigurationPlatforms) = preSolution
		Debug|Any CPU = Debug|Any CPU
		Release|Any CPU = Release|Any CPU
	EndGlobalSection
	GlobalSection(ProjectConfigurationPlatforms) = postSolution
		{C8554335-7B6B-4015-A695-7F62A3A7C357}.Debug|Any CPU.ActiveCfg = Debug|Any CPU
		{C8554335-7B6B-4015-A695-7F62A3A7C357}.Debug|Any CPU.Build.0 = Debug|Any CPU
		{C8554335-7B6B-4015-A695-7F62A3A7C357}.Release|Any CPU.ActiveCfg = Release|Any CPU
		{C8554335-7B6B-4015-A695-7F62A3A7C357}.Release|Any CPU.Build.0 = Release|Any CPU
	EndGlobalSection
	GlobalSection(SolutionProperties) = preSolution
		HideSolutionNode = FALSE
	EndGlobalSection
	GlobalSection(ExtensibilityGlobals) = postSolution
		SolutionGuid = {3AE1071D-85D8-4E77-8C08-2257B1655DCA}
	EndGlobalSection
EndGlobal
